github.com/arcgolabs/collectionx/list v0.7.0 h1:1BBQD0tB6cPr2rFBHgBM1Orqs9wH+OH/QrfEmMJ+fLE=
github.com/arcgolabs/collectionx/list v0.7.0/go.mod h1:IjX8ZRyMZbJspx+VppjyrOaibDnHSY8/jkygk9Mmws4=
github.com/arcgolabs/collectionx/mapping v0.7.0 h1:5XYl9ml3JjNZsCJ/tUmTx2NjxiGpOnUlg6cTtILUMh8=
github.com/arcgolabs/collectionx/mapping v0.7.0/go.mod h1:9LmFTF7m/hJ3vYx/SkcaHPBHDj2nSPImBYGyHflWEXA=
github.com/arcgolabs/collectionx/set v0.7.0 h1:WgICBjMIViYbk7OqYgSQcG67iMnh4zrQFtuBq/8dyXQ=
github.com/arcgolabs/collectionx/set v0.7.0/go.mod h1:ZwKKXMlMhgXM+rP4daDm849gVM3yTuOlA+2Zoqv2HUM=
github.com/arcgolabs/storx v0.2.0 h1:V6EozKSEmZoqhXlnq9J9/YBB/2ogus5qLBdcm5efOSM=
github.com/arcgolabs/storx v0.2.0/go.mod h1:fByG6GnDho4xzOIDEV/SLmn+4nUoX0qaLe6B/+LijwQ=
github.com/arcgolabs/storx/codec v0.1.0 h1:pbf7SghqCITfoIltus7Qd9rCD7OnUezHmklp2X1pAhM=
github.com/arcgolabs/storx/codec v0.1.0/go.mod h1:B81/kRtI/+2qq7S/3FWl7Xw2QJqnSMwWQ3K5/Be5C8c=
github.com/arcgolabs/storx/keycodec v0.2.0 h1:vCYyMOXKfkSjmGp0jmXVEwDaN07K64r8YGYVXZ8Tn6I=
github.com/arcgolabs/storx/keycodec v0.2.0/go.mod h1:Ny7Z/Q1a5jG1To4XD8XgVg5uK4EuCMg4RSyyBJPn1QM=
github.com/arcgolabs/storx/observer v0.1.0 h1:xVGpjNgNCe38jiIS9Ssofqg9EVHGaRDUDZdwPP34W74=
github.com/arcgolabs/storx/observer v0.1.0/go.mod h1:LS9mjg3VnyowgCE89SG5kusejAXgBypWS2wfJUssAes=
github.com/davecgh/go-spew v1.1.2-0.20180830191138-d8f796af33cc h1:U9qPSI2PIWSS1VwoXQT9A3Wy9MM3WgvqSxFWenqJduM=
github.com/davecgh/go-spew v1.1.2-0.20180830191138-d8f796af33cc/go.mod h1:J7Y8YcW2NihsgmVo/mv3lAwl/skON4iLHjSsI+c5H38=
github.com/google/go-cmp v0.7.0 h1:wk8382ETsv4JYUZwIsn6YpYiWiBsYLSJiTsyBybVuN8=
github.com/google/go-cmp v0.7.0/go.mod h1:pXiqmnSA92OHEEa9HXL2W4E7lf9JzCmGVUdgjX3N/iU=
github.com/oklog/ulid/v2 v2.1.1 h1:suPZ4ARWLOJLegGFiZZ1dFAkqzhMjL3J1TzI+5wHz8s=
github.com/oklog/ulid/v2 v2.1.1/go.mod h1:rcEKHmBBKfef9DhnvX7y1HZBYxjXb0cP5ExxNsTT1QQ=
github.com/pborman/getopt v0.0.0-20170112200414-7148bc3a4c30/go.mod h1:85jBQOZwpVEaDAr341tbn15RS4fCAsIst0qp7i8ex1o=
github.com/pmezard/go-difflib v1.0.1-0.20181226105442-5d4384ee4fb2 h1:Jamvg5psRIccs7FGNTlIRMkT8wgtp5eCXdBlqhYGL6U=
github.com/pmezard/go-difflib v1.0.1-0.20181226105442-5d4384ee4fb2/go.mod h1:iKH77koFhYxTK1pcRnkKkqfTogsbg7gZNVY4sRDYZ/4=
github.com/samber/lo v1.53.0 h1:t975lj2py4kJPQ6haz1QMgtId2gtmfktACxIXArw3HM=
github.com/samber/lo v1.53.0/go.mod h1:4+MXEGsJzbKGaUEQFKBq2xtfuznW9oz/WrgyzMzRoM0=
github.com/samber/mo v1.16.0 h1:qpEPCI63ou6wXlsNDMLE0IIN8A+devbGX/K1xdgr4b4=
github.com/samber/mo v1.16.0/go.mod h1:DlgzJ4SYhOh41nP1L9kh9rDNERuf8IqWSAs+gj2Vxag=
github.com/samber/oops v1.21.0 h1:18atcO4oEigNFuGXqr3NZWZ6P0XOSEXyBSAMXdQRxTc=
github.com/samber/oops v1.21.0/go.mod h1:Hsm/sKPxtCfPh0w/cE3xVoRfSiE1joDRiStPAsmG9bo=
github.com/stretchr/testify v1.11.1 h1:7s2iGBzp5EwR7/aIZr8ao5+dra3wiQyKjjFuvgVKu7U=
github.com/stretchr/testify v1.11.1/go.mod h1:wZwfW3scLgRK+23gO65QZefKpKQRnfz6sD981Nm4B6U=
go.etcd.io/bbolt v1.4.3 h1:dEadXpI6G79deX5prL3QRNP6JB8UxVkqo4UPnHaNXJo=
go.etcd.io/bbolt v1.4.3/go.mod h1:tKQlpPaYCVFctUIgFKFnAlvbmB3tpy1vkTnDWohtc0E=
go.opentelemetry.io/otel v1.37.0 h1:9zhNfelUvx0KBfu/gb+ZgeAfAgtWrfHJZcAqFC228wQ=
go.opentelemetry.io/otel v1.37.0/go.mod h1:ehE/umFRLnuLa/vSccNq9oS1ErUlkkK71gMcN34UG8I=
go.opentelemetry.io/otel/trace v1.37.0 h1:HLdcFNbRQBE2imdSEgm/kwqmQj1Or1l/7bW6mxVK7z4=
go.opentelemetry.io/otel/trace v1.37.0/go.mod h1:TlgrlQ+PtQO5XFerSPUYG0JSgGyryXewPGyayAWSBS0=
golang.org/x/sync v0.11.0 h1:GGz8+XQP4FvTTrjZPzNKTMFtSXH80RAzG+5ghFPgK9w=
golang.org/x/sync v0.11.0/go.mod h1:Czt+wKu1gCyEFDUtn0jG5QVvpJ6rzVqr5aXyt9drQfk=
golang.org/x/sys v0.29.0 h1:TPYlXGxvx1MGTn2GiZDhnjPA9wZzZeGKHHmKhHYvgaU=
golang.org/x/sys v0.29.0/go.mod h1:/VUhepiaJMQUp4+oa/7Zr1D23ma6VTLIYjOOTFZPUcA=
golang.org/x/text v0.22.0 h1:bofq7m3/HAFvbF51jz3Q9wLg3jkvSPuiZu/pD1XwgtM=
golang.org/x/text v0.22.0/go.mod h1:YRoo4H8PVmsu+E3Ou7cqLVH8oXWIHVoX0jqUWALQhfY=
gopkg.in/yaml.v3 v3.0.1 h1:fxVm/GzAzEWqLHuvctI91KS9hhNmmWOoWu0XTYJS7CA=
gopkg.in/yaml.v3 v3.0.1/go.mod h1:K4uyk7z7BCEPqu6E+C64Yfv1cQ7kz7rIZviUmN+EgEM=
